
Microsoft Visual Studio Solution File, Format Version 12.00
# Visual Studio Version 16
VisualStudioVersion = 16.0.29009.5
MinimumVisualStudioVersion = 10.0.40219.1
Project("{FAE04EC0-301F-11D3-BF4B-00C04F79EFBC}") = "ElVinoDorado.Plugins", "ElVinoDorado.Plugins\ElVinoDorado.Plugins.csproj", "{2BD6F675-925E-45D6-8F22-030449ED69AE}"
EndProject
Project("{9A19103F-16F7-4668-BE54-9A1E7A4F7556}") = "ElVinoDorado.Website", "ElVinoDorado.Website\ElVinoDorado.Website.csproj", "{A889A284-6237-47A3-9774-FB95498E3E58}"
EndProject
Project("{E24C65DC-7377-472B-9ABA-BC803B73C61A}") = "ElVinoDorado.Scripts", "ElVinoDorado.Scripts\", "{663BBFD3-9D4F-4951-84CE-4458E342307F}"
	ProjectSection(WebsiteProperties) = preProject
		TargetFrameworkMoniker = ".NETFramework,Version%3Dv4.0"
		Debug.AspNetCompiler.VirtualPath = "/localhost_58808"
		Debug.AspNetCompiler.PhysicalPath = "ElVinoDorado.Scripts\"
		Debug.AspNetCompiler.TargetPath = "PrecompiledWeb\localhost_58808\"
		Debug.AspNetCompiler.Updateable = "true"
		Debug.AspNetCompiler.ForceOverwrite = "true"
		Debug.AspNetCompiler.FixedNames = "false"
		Debug.AspNetCompiler.Debug = "True"
		Release.AspNetCompiler.VirtualPath = "/localhost_58808"
		Release.AspNetCompiler.PhysicalPath = "ElVinoDorado.Scripts\"
		Release.AspNetCompiler.TargetPath = "PrecompiledWeb\localhost_58808\"
		Release.AspNetCompiler.Updateable = "true"
		Release.AspNetCompiler.ForceOverwrite = "true"
		Release.AspNetCompiler.FixedNames = "false"
		Release.AspNetCompiler.Debug = "False"
		VWDPort = "58808"
		SlnRelativePath = "ElVinoDorado.Scripts\"
	EndProjectSection
EndProject
Global
	GlobalSection(SolutionConfigurationPlatforms) = preSolution
		Debug|Any CPU = Debug|Any CPU
		Release|Any CPU = Release|Any CPU
	EndGlobalSection
	GlobalSection(ProjectConfigurationPlatforms) = postSolution
		{2BD6F675-925E-45D6-8F22-030449ED69AE}.Debug|Any CPU.ActiveCfg = Debug|Any CPU
		{2BD6F675-925E-45D6-8F22-030449ED69AE}.Debug|Any CPU.Build.0 = Debug|Any CPU
		{2BD6F675-925E-45D6-8F22-030449ED69AE}.Release|Any CPU.ActiveCfg = Release|Any CPU
		{2BD6F675-925E-45D6-8F22-030449ED69AE}.Release|Any CPU.Build.0 = Release|Any CPU
		{A889A284-6237-47A3-9774-FB95498E3E58}.Debug|Any CPU.ActiveCfg = Debug|Any CPU
		{A889A284-6237-47A3-9774-FB95498E3E58}.Debug|Any CPU.Build.0 = Debug|Any CPU
		{A889A284-6237-47A3-9774-FB95498E3E58}.Release|Any CPU.ActiveCfg = Release|Any CPU
		{A889A284-6237-47A3-9774-FB95498E3E58}.Release|Any CPU.Build.0 = Release|Any CPU
		{663BBFD3-9D4F-4951-84CE-4458E342307F}.Debug|Any CPU.ActiveCfg = Debug|Any CPU
		{663BBFD3-9D4F-4951-84CE-4458E342307F}.Debug|Any CPU.Build.0 = Debug|Any CPU
		{663BBFD3-9D4F-4951-84CE-4458E342307F}.Release|Any CPU.ActiveCfg = Debug|Any CPU
		{663BBFD3-9D4F-4951-84CE-4458E342307F}.Release|Any CPU.Build.0 = Debug|Any CPU
	EndGlobalSection
	GlobalSection(SolutionProperties) = preSolution
		HideSolutionNode = FALSE
	EndGlobalSection
	GlobalSection(ExtensibilityGlobals) = postSolution
		SolutionGuid = {A2D2C79F-51B5-44A8-AAAB-0B463EB8E49F}
	EndGlobalSection
EndGlobal
